// !$*UTF8*$!
{
	archiveVersion = 1;
	classes = {
	};
	objectVersion = 55;
	objects = {

/* Begin PBXBuildFile section */
		EE4ABD702B5876650046B676 /* Assets.xcassets in Resources */ = {isa = PBXBuildFile; fileRef = EE4ABD6F2B5876650046B676 /* Assets.xcassets */; };
		EE4ABD732B5876650046B676 /* LaunchScreen.storyboard in Resources */ = {isa = PBXBuildFile; fileRef = EE4ABD712B5876650046B676 /* LaunchScreen.storyboard */; };
		EE4ABDA22B5877F40046B676 /* SDL2.framework in Embed Frameworks */ = {isa = PBXBuildFile; fileRef = EE4ABD8C2B58771C0046B676 /* SDL2.framework */; settings = {ATTRIBUTES = (CodeSignOnCopy, RemoveHeadersOnCopy, ); }; };
		EE4ABDA52B5878250046B676 /* SDL_uikit_main.c in Sources */ = {isa = PBXBuildFile; fileRef = EE4ABDA42B5878250046B676 /* SDL_uikit_main.c */; };
		EE4ABDAE2B5887D60046B676 /* SDL2.framework in Frameworks */ = {isa = PBXBuildFile; fileRef = EE4ABD8C2B58771C0046B676 /* SDL2.framework */; };
		EE4ABDB52B588E540046B676 /* libtouchHLE.a in Frameworks */ = {isa = PBXBuildFile; fileRef = EE4ABDB12B588C610046B676 /* libtouchHLE.a */; };
		EE4ABDB62B588E6D0046B676 /* libtouchHLE.a in Embed Frameworks */ = {isa = PBXBuildFile; fileRef = EE4ABDB12B588C610046B676 /* libtouchHLE.a */; };
		EE4ABDB82B588F060046B676 /* libc++.tbd in Frameworks */ = {isa = PBXBuildFile; fileRef = EE4ABDB72B588EEC0046B676 /* libc++.tbd */; };
		EE4ABDBC2B588F9F0046B676 /* AudioToolbox.framework in Frameworks */ = {isa = PBXBuildFile; fileRef = EE4ABDBB2B588F9F0046B676 /* AudioToolbox.framework */; };
		EE4ABDBE2B588FAA0046B676 /* CoreFoundation.framework in Frameworks */ = {isa = PBXBuildFile; fileRef = EE4ABDBD2B588FAA0046B676 /* CoreFoundation.framework */; };
		EE4ABDC02B588FC70046B676 /* Security.framework in Frameworks */ = {isa = PBXBuildFile; fileRef = EE4ABDBF2B588FC70046B676 /* Security.framework */; };
		EE5F36F52B59C9FC000F815B /* touchHLE_apps in Resources */ = {isa = PBXBuildFile; fileRef = EE5F36E92B59C9FC000F815B /* touchHLE_apps */; };
		EE5F36F82B59D477000F815B /* touchHLE_dylibs in Resources */ = {isa = PBXBuildFile; fileRef = EE5F36F62B59D477000F815B /* touchHLE_dylibs */; };
		EE5F36F92B59D477000F815B /* touchHLE_fonts in Resources */ = {isa = PBXBuildFile; fileRef = EE5F36F72B59D477000F815B /* touchHLE_fonts */; };
		EE5F37092B59DA18000F815B /* touchHLE_default_options.txt in Resources */ = {isa = PBXBuildFile; fileRef = EE5F36FD2B59DA18000F815B /* touchHLE_default_options.txt */; };
/* End PBXBuildFile section */

/* Begin PBXContainerItemProxy section */
		EE4ABD892B58771C0046B676 /* PBXContainerItemProxy */ = {
			isa = PBXContainerItemProxy;
			containerPortal = EE4ABD7B2B58771B0046B676 /* SDL.xcodeproj */;
			proxyType = 2;
			remoteGlobalIDString = BECDF66C0761BA81005FE872;
			remoteInfo = Framework;
		};
		EE4ABD8B2B58771C0046B676 /* PBXContainerItemProxy */ = {
			isa = PBXContainerItemProxy;
			containerPortal = EE4ABD7B2B58771B0046B676 /* SDL.xcodeproj */;
			proxyType = 2;
			remoteGlobalIDString = A7D88B5423E2437C00DCD162;
			remoteInfo = "Framework-iOS";
		};
		EE4ABD8D2B58771C0046B676 /* PBXContainerItemProxy */ = {
			isa = PBXContainerItemProxy;
			containerPortal = EE4ABD7B2B58771B0046B676 /* SDL.xcodeproj */;
			proxyType = 2;
			remoteGlobalIDString = A7D88D1523E24BED00DCD162;
			remoteInfo = "Framework-tvOS";
		};
		EE4ABD8F2B58771C0046B676 /* PBXContainerItemProxy */ = {
			isa = PBXContainerItemProxy;
			containerPortal = EE4ABD7B2B58771B0046B676 /* SDL.xcodeproj */;
			proxyType = 2;
			remoteGlobalIDString = E2D187CF28A5673500D2B4F1;
			remoteInfo = "xcFramework-iOS";
		};
		EE4ABD912B58771C0046B676 /* PBXContainerItemProxy */ = {
			isa = PBXContainerItemProxy;
			containerPortal = EE4ABD7B2B58771B0046B676 /* SDL.xcodeproj */;
			proxyType = 2;
			remoteGlobalIDString = BECDF6B30761BA81005FE872;
			remoteInfo = "Static Library";
		};
		EE4ABD932B58771C0046B676 /* PBXContainerItemProxy */ = {
			isa = PBXContainerItemProxy;
			containerPortal = EE4ABD7B2B58771B0046B676 /* SDL.xcodeproj */;
			proxyType = 2;
			remoteGlobalIDString = A7D88E5423E24D3B00DCD162;
			remoteInfo = "Static Library-iOS";
		};
		EE4ABD952B58771C0046B676 /* PBXContainerItemProxy */ = {
			isa = PBXContainerItemProxy;
			containerPortal = EE4ABD7B2B58771B0046B676 /* SDL.xcodeproj */;
			proxyType = 2;
			remoteGlobalIDString = A769B23D23E259AE00872273;
			remoteInfo = "Static Library-tvOS";
		};
		EE4ABD972B58771C0046B676 /* PBXContainerItemProxy */ = {
			isa = PBXContainerItemProxy;
			containerPortal = EE4ABD7B2B58771B0046B676 /* SDL.xcodeproj */;
			proxyType = 2;
			remoteGlobalIDString = DB31407717554B71006C0E22;
			remoteInfo = "Shared Library";
		};
		EE4ABD992B58771C0046B676 /* PBXContainerItemProxy */ = {
			isa = PBXContainerItemProxy;
			containerPortal = EE4ABD7B2B58771B0046B676 /* SDL.xcodeproj */;
			proxyType = 2;
			remoteGlobalIDString = A75FCEB323E25AB700529352;
			remoteInfo = "Shared Library-iOS";
		};
		EE4ABD9B2B58771C0046B676 /* PBXContainerItemProxy */ = {
			isa = PBXContainerItemProxy;
			containerPortal = EE4ABD7B2B58771B0046B676 /* SDL.xcodeproj */;
			proxyType = 2;
			remoteGlobalIDString = A75FD06C23E25AC700529352;
			remoteInfo = "Shared Library-tvOS";
		};
		EE4ABD9D2B58771C0046B676 /* PBXContainerItemProxy */ = {
			isa = PBXContainerItemProxy;
			containerPortal = EE4ABD7B2B58771B0046B676 /* SDL.xcodeproj */;
			proxyType = 2;
			remoteGlobalIDString = BECDF6BE0761BA81005FE872;
			remoteInfo = "Standard DMG";
		};
/* End PBXContainerItemProxy section */

/* Begin PBXCopyFilesBuildPhase section */
		EE4ABDA32B5877F40046B676 /* Embed Frameworks */ = {
			isa = PBXCopyFilesBuildPhase;
			buildActionMask = 2147483647;
			dstPath = "";
			dstSubfolderSpec = 10;
			files = (
				EE4ABDA22B5877F40046B676 /* SDL2.framework in Embed Frameworks */,
				EE4ABDB62B588E6D0046B676 /* libtouchHLE.a in Embed Frameworks */,
			);
			name = "Embed Frameworks";
			runOnlyForDeploymentPostprocessing = 0;
		};
/* End PBXCopyFilesBuildPhase section */

/* Begin PBXFileReference section */
		EE4ABD5D2B5876630046B676 /* touchHLE.app */ = {isa = PBXFileReference; explicitFileType = wrapper.application; includeInIndex = 0; path = touchHLE.app; sourceTree = BUILT_PRODUCTS_DIR; };
		EE4ABD6F2B5876650046B676 /* Assets.xcassets */ = {isa = PBXFileReference; lastKnownFileType = folder.assetcatalog; path = Assets.xcassets; sourceTree = "<group>"; };
		EE4ABD722B5876650046B676 /* Base */ = {isa = PBXFileReference; lastKnownFileType = file.storyboard; name = Base; path = Base.lproj/LaunchScreen.storyboard; sourceTree = "<group>"; };
		EE4ABD7B2B58771B0046B676 /* SDL.xcodeproj */ = {isa = PBXFileReference; lastKnownFileType = "wrapper.pb-project"; name = SDL.xcodeproj; path = ../../vendor/SDL/Xcode/SDL/SDL.xcodeproj; sourceTree = "<group>"; };
		EE4ABDA42B5878250046B676 /* SDL_uikit_main.c */ = {isa = PBXFileReference; fileEncoding = 4; lastKnownFileType = sourcecode.c.c; name = SDL_uikit_main.c; path = ../../../vendor/SDL/src/main/uikit/SDL_uikit_main.c; sourceTree = "<group>"; };
		EE4ABDB12B588C610046B676 /* libtouchHLE.a */ = {isa = PBXFileReference; lastKnownFileType = archive.ar; name = libtouchHLE.a; path = "../../target/aarch64-apple-ios/debug/libtouchHLE.a"; sourceTree = "<group>"; };
		EE4ABDB42B588CC70046B676 /* Info.plist */ = {isa = PBXFileReference; lastKnownFileType = text.plist; path = Info.plist; sourceTree = "<group>"; };
		EE4ABDB72B588EEC0046B676 /* libc++.tbd */ = {isa = PBXFileReference; lastKnownFileType = "sourcecode.text-based-dylib-definition"; name = "libc++.tbd"; path = "usr/lib/libc++.tbd"; sourceTree = SDKROOT; };
		EE4ABDB92B588F470046B676 /* CoreAudio.framework */ = {isa = PBXFileReference; lastKnownFileType = wrapper.framework; name = CoreAudio.framework; path = System/Library/Frameworks/CoreAudio.framework; sourceTree = SDKROOT; };
		EE4ABDBB2B588F9F0046B676 /* AudioToolbox.framework */ = {isa = PBXFileReference; lastKnownFileType = wrapper.framework; name = AudioToolbox.framework; path = System/Library/Frameworks/AudioToolbox.framework; sourceTree = SDKROOT; };
		EE4ABDBD2B588FAA0046B676 /* CoreFoundation.framework */ = {isa = PBXFileReference; lastKnownFileType = wrapper.framework; name = CoreFoundation.framework; path = System/Library/Frameworks/CoreFoundation.framework; sourceTree = SDKROOT; };
		EE4ABDBF2B588FC70046B676 /* Security.framework */ = {isa = PBXFileReference; lastKnownFileType = wrapper.framework; name = Security.framework; path = System/Library/Frameworks/Security.framework; sourceTree = SDKROOT; };
		EE5F36E92B59C9FC000F815B /* touchHLE_apps */ = {isa = PBXFileReference; lastKnownFileType = folder; name = touchHLE_apps; path = ../../touchHLE_apps; sourceTree = "<group>"; };
		EE5F36F62B59D477000F815B /* touchHLE_dylibs */ = {isa = PBXFileReference; lastKnownFileType = folder; name = touchHLE_dylibs; path = ../../touchHLE_dylibs; sourceTree = "<group>"; };
		EE5F36F72B59D477000F815B /* touchHLE_fonts */ = {isa = PBXFileReference; lastKnownFileType = folder; name = touchHLE_fonts; path = ../../touchHLE_fonts; sourceTree = "<group>"; };
		EE5F36FD2B59DA18000F815B /* touchHLE_default_options.txt */ = {isa = PBXFileReference; fileEncoding = 4; lastKnownFileType = text; name = touchHLE_default_options.txt; path = ../../touchHLE_default_options.txt; sourceTree = "<group>"; };
		EE82663A2B5AA40E0063558D /* src */ = {isa = PBXFileReference; lastKnownFileType = folder; name = src; path = ../../src; sourceTree = "<group>"; };
/* End PBXFileReference section */

/* Begin PBXFrameworksBuildPhase section */
		EE4ABD5A2B5876630046B676 /* Frameworks */ = {
			isa = PBXFrameworksBuildPhase;
			buildActionMask = 2147483647;
			files = (
				EE4ABDC02B588FC70046B676 /* Security.framework in Frameworks */,
				EE4ABDBE2B588FAA0046B676 /* CoreFoundation.framework in Frameworks */,
				EE4ABDBC2B588F9F0046B676 /* AudioToolbox.framework in Frameworks */,
				EE4ABDB82B588F060046B676 /* libc++.tbd in Frameworks */,
				EE4ABDAE2B5887D60046B676 /* SDL2.framework in Frameworks */,
				EE4ABDB52B588E540046B676 /* libtouchHLE.a in Frameworks */,
			);
			runOnlyForDeploymentPostprocessing = 0;
		};
/* End PBXFrameworksBuildPhase section */

/* Begin PBXGroup section */
		EE4ABD542B5876620046B676 = {
			isa = PBXGroup;
			children = (
				EE82663A2B5AA40E0063558D /* src */,
				EE5F36FD2B59DA18000F815B /* touchHLE_default_options.txt */,
				EE5F36F62B59D477000F815B /* touchHLE_dylibs */,
				EE5F36F72B59D477000F815B /* touchHLE_fonts */,
				EE5F36E92B59C9FC000F815B /* touchHLE_apps */,
				EE4ABD7B2B58771B0046B676 /* SDL.xcodeproj */,
				EE4ABD5F2B5876630046B676 /* touchHLE */,
				EE4ABD5E2B5876630046B676 /* Products */,
				EE4ABD9F2B5877DD0046B676 /* Frameworks */,
			);
			sourceTree = "<group>";
		};
		EE4ABD5E2B5876630046B676 /* Products */ = {
			isa = PBXGroup;
			children = (
				EE4ABD5D2B5876630046B676 /* touchHLE.app */,
			);
			name = Products;
			sourceTree = "<group>";
		};
		EE4ABD5F2B5876630046B676 /* touchHLE */ = {
			isa = PBXGroup;
			children = (
				EE4ABDB42B588CC70046B676 /* Info.plist */,
				EE4ABDA42B5878250046B676 /* SDL_uikit_main.c */,
				EE4ABD6F2B5876650046B676 /* Assets.xcassets */,
				EE4ABD712B5876650046B676 /* LaunchScreen.storyboard */,
			);
			path = touchHLE;
			sourceTree = "<group>";
		};
		EE4ABD7C2B58771B0046B676 /* Products */ = {
			isa = PBXGroup;
			children = (
				EE4ABD8A2B58771C0046B676 /* SDL2.framework */,
				EE4ABD8C2B58771C0046B676 /* SDL2.framework */,
				EE4ABD8E2B58771C0046B676 /* SDL2.framework */,
				EE4ABD902B58771C0046B676 /* SDL2.framework */,
				EE4ABD922B58771C0046B676 /* libSDL2.a */,
				EE4ABD942B58771C0046B676 /* libSDL2.a */,
				EE4ABD962B58771C0046B676 /* libSDL2.a */,
				EE4ABD982B58771C0046B676 /* libSDL2.dylib */,
				EE4ABD9A2B58771C0046B676 /* libSDL2.dylib */,
				EE4ABD9C2B58771C0046B676 /* libSDL2.dylib */,
				EE4ABD9E2B58771C0046B676 /* SDL2 */,
			);
			name = Products;
			sourceTree = "<group>";
		};
		EE4ABD9F2B5877DD0046B676 /* Frameworks */ = {
			isa = PBXGroup;
			children = (
				EE4ABDBF2B588FC70046B676 /* Security.framework */,
				EE4ABDBD2B588FAA0046B676 /* CoreFoundation.framework */,
				EE4ABDBB2B588F9F0046B676 /* AudioToolbox.framework */,
				EE4ABDB92B588F470046B676 /* CoreAudio.framework */,
				EE4ABDB72B588EEC0046B676 /* libc++.tbd */,
				EE4ABDB12B588C610046B676 /* libtouchHLE.a */,
			);
			name = Frameworks;
			sourceTree = "<group>";
		};
/* End PBXGroup section */

/* Begin PBXNativeTarget section */
		EE4ABD5C2B5876630046B676 /* touchHLE */ = {
			isa = PBXNativeTarget;
			buildConfigurationList = EE4ABD782B5876650046B676 /* Build configuration list for PBXNativeTarget "touchHLE" */;
			buildPhases = (
				EE5F36D62B5995E6000F815B /* ShellScript */,
				EE4ABD592B5876630046B676 /* Sources */,
				EE4ABD5A2B5876630046B676 /* Frameworks */,
				EE4ABD5B2B5876630046B676 /* Resources */,
				EE4ABDA32B5877F40046B676 /* Embed Frameworks */,
			);
			buildRules = (
			);
			dependencies = (
			);
			name = touchHLE;
			productName = touchHLE;
			productReference = EE4ABD5D2B5876630046B676 /* touchHLE.app */;
			productType = "com.apple.product-type.application";
		};
/* End PBXNativeTarget section */

/* Begin PBXProject section */
		EE4ABD552B5876620046B676 /* Project object */ = {
			isa = PBXProject;
			attributes = {
				BuildIndependentTargetsInParallel = 1;
				LastUpgradeCheck = 1340;
				TargetAttributes = {
					EE4ABD5C2B5876630046B676 = {
						CreatedOnToolsVersion = 13.4.1;
					};
				};
			};
			buildConfigurationList = EE4ABD582B5876620046B676 /* Build configuration list for PBXProject "touchHLE" */;
			compatibilityVersion = "Xcode 13.0";
			developmentRegion = en;
			hasScannedForEncodings = 0;
			knownRegions = (
				en,
				Base,
			);
			mainGroup = EE4ABD542B5876620046B676;
			productRefGroup = EE4ABD5E2B5876630046B676 /* Products */;
			projectDirPath = "";
			projectReferences = (
				{
					ProductGroup = EE4ABD7C2B58771B0046B676 /* Products */;
					ProjectRef = EE4ABD7B2B58771B0046B676 /* SDL.xcodeproj */;
				},
			);
			projectRoot = "";
			targets = (
				EE4ABD5C2B5876630046B676 /* touchHLE */,
			);
		};
/* End PBXProject section */

/* Begin PBXReferenceProxy section */
		EE4ABD8A2B58771C0046B676 /* SDL2.framework */ = {
			isa = PBXReferenceProxy;
			fileType = wrapper.framework;
			path = SDL2.framework;
			remoteRef = EE4ABD892B58771C0046B676 /* PBXContainerItemProxy */;
			sourceTree = BUILT_PRODUCTS_DIR;
		};
		EE4ABD8C2B58771C0046B676 /* SDL2.framework */ = {
			isa = PBXReferenceProxy;
			fileType = wrapper.framework;
			path = SDL2.framework;
			remoteRef = EE4ABD8B2B58771C0046B676 /* PBXContainerItemProxy */;
			sourceTree = BUILT_PRODUCTS_DIR;
		};
		EE4ABD8E2B58771C0046B676 /* SDL2.framework */ = {
			isa = PBXReferenceProxy;
			fileType = wrapper.framework;
			path = SDL2.framework;
			remoteRef = EE4ABD8D2B58771C0046B676 /* PBXContainerItemProxy */;
			sourceTree = BUILT_PRODUCTS_DIR;
		};
		EE4ABD902B58771C0046B676 /* SDL2.framework */ = {
			isa = PBXReferenceProxy;
			fileType = wrapper.framework;
			path = SDL2.framework;
			remoteRef = EE4ABD8F2B58771C0046B676 /* PBXContainerItemProxy */;
			sourceTree = BUILT_PRODUCTS_DIR;
		};
		EE4ABD922B58771C0046B676 /* libSDL2.a */ = {
			isa = PBXReferenceProxy;
			fileType = archive.ar;
			path = libSDL2.a;
			remoteRef = EE4ABD912B58771C0046B676 /* PBXContainerItemProxy */;
			sourceTree = BUILT_PRODUCTS_DIR;
		};
		EE4ABD942B58771C0046B676 /* libSDL2.a */ = {
			isa = PBXReferenceProxy;
			fileType = archive.ar;
			path = libSDL2.a;
			remoteRef = EE4ABD932B58771C0046B676 /* PBXContainerItemProxy */;
			sourceTree = BUILT_PRODUCTS_DIR;
		};
		EE4ABD962B58771C0046B676 /* libSDL2.a */ = {
			isa = PBXReferenceProxy;
			fileType = archive.ar;
			path = libSDL2.a;
			remoteRef = EE4ABD952B58771C0046B676 /* PBXContainerItemProxy */;
			sourceTree = BUILT_PRODUCTS_DIR;
		};
		EE4ABD982B58771C0046B676 /* libSDL2.dylib */ = {
			isa = PBXReferenceProxy;
			fileType = "compiled.mach-o.dylib";
			path = libSDL2.dylib;
			remoteRef = EE4ABD972B58771C0046B676 /* PBXContainerItemProxy */;
			sourceTree = BUILT_PRODUCTS_DIR;
		};
		EE4ABD9A2B58771C0046B676 /* libSDL2.dylib */ = {
			isa = PBXReferenceProxy;
			fileType = "compiled.mach-o.dylib";
			path = libSDL2.dylib;
			remoteRef = EE4ABD992B58771C0046B676 /* PBXContainerItemProxy */;
			sourceTree = BUILT_PRODUCTS_DIR;
		};
		EE4ABD9C2B58771C0046B676 /* libSDL2.dylib */ = {
			isa = PBXReferenceProxy;
			fileType = "compiled.mach-o.dylib";
			path = libSDL2.dylib;
			remoteRef = EE4ABD9B2B58771C0046B676 /* PBXContainerItemProxy */;
			sourceTree = BUILT_PRODUCTS_DIR;
		};
		EE4ABD9E2B58771C0046B676 /* SDL2 */ = {
			isa = PBXReferenceProxy;
			fileType = "compiled.mach-o.executable";
			path = SDL2;
			remoteRef = EE4ABD9D2B58771C0046B676 /* PBXContainerItemProxy */;
			sourceTree = BUILT_PRODUCTS_DIR;
		};
/* End PBXReferenceProxy section */

/* Begin PBXResourcesBuildPhase section */
		EE4ABD5B2B5876630046B676 /* Resources */ = {
			isa = PBXResourcesBuildPhase;
			buildActionMask = 2147483647;
			files = (
				EE5F37092B59DA18000F815B /* touchHLE_default_options.txt in Resources */,
				EE5F36F52B59C9FC000F815B /* touchHLE_apps in Resources */,
				EE5F36F82B59D477000F815B /* touchHLE_dylibs in Resources */,
				EE5F36F92B59D477000F815B /* touchHLE_fonts in Resources */,
				EE4ABD732B5876650046B676 /* LaunchScreen.storyboard in Resources */,
				EE4ABD702B5876650046B676 /* Assets.xcassets in Resources */,
			);
			runOnlyForDeploymentPostprocessing = 0;
		};
/* End PBXResourcesBuildPhase section */

/* Begin PBXShellScriptBuildPhase section */
		EE5F36D62B5995E6000F815B /* ShellScript */ = {
			isa = PBXShellScriptBuildPhase;
			alwaysOutOfDate = 1;
			buildActionMask = 2147483647;
			files = (
			);
			inputFileListPaths = (
			);
			inputPaths = (
			);
			outputFileListPaths = (
			);
			outputPaths = (
			);
			runOnlyForDeploymentPostprocessing = 0;
			shellPath = /bin/sh;
			shellScript = "set -e\nRUST_PROJ=\"$PROJECT_DIR/../..\"\nPATH=\"$PATH:/Users/$USER/.cargo/bin\"\n\ncd \"$RUST_PROJ\"\n\ncargo build --target aarch64-apple-ios --no-default-features --lib --features sdl2/bundled,touchHLE_openal_soft_wrapper/static\n\nrm -rf \"target/aarch64-apple-ios/debug/libtouchHLE.dylib\"\n";
		};
/* End PBXShellScriptBuildPhase section */

/* Begin PBXSourcesBuildPhase section */
		EE4ABD592B5876630046B676 /* Sources */ = {
			isa = PBXSourcesBuildPhase;
			buildActionMask = 2147483647;
			files = (
				EE4ABDA52B5878250046B676 /* SDL_uikit_main.c in Sources */,
			);
			runOnlyForDeploymentPostprocessing = 0;
		};
/* End PBXSourcesBuildPhase section */

/* Begin PBXVariantGroup section */
		EE4ABD712B5876650046B676 /* LaunchScreen.storyboard */ = {
			isa = PBXVariantGroup;
			children = (
				EE4ABD722B5876650046B676 /* Base */,
			);
			name = LaunchScreen.storyboard;
			sourceTree = "<group>";
		};
/* End PBXVariantGroup section */

/* Begin XCBuildConfiguration section */
		EE4ABD762B5876650046B676 /* Debug */ = {
			isa = XCBuildConfiguration;
			buildSettings = {
				ALWAYS_SEARCH_USER_PATHS = NO;
				CLANG_ANALYZER_NONNULL = YES;
				CLANG_ANALYZER_NUMBER_OBJECT_CONVERSION = YES_AGGRESSIVE;
				CLANG_CXX_LANGUAGE_STANDARD = "gnu++17";
				CLANG_ENABLE_MODULES = YES;
				CLANG_ENABLE_OBJC_ARC = YES;
				CLANG_ENABLE_OBJC_WEAK = YES;
				CLANG_WARN_BLOCK_CAPTURE_AUTORELEASING = YES;
				CLANG_WARN_BOOL_CONVERSION = YES;
				CLANG_WARN_COMMA = YES;
				CLANG_WARN_CONSTANT_CONVERSION = YES;
				CLANG_WARN_DEPRECATED_OBJC_IMPLEMENTATIONS = YES;
				CLANG_WARN_DIRECT_OBJC_ISA_USAGE = YES_ERROR;
				CLANG_WARN_DOCUMENTATION_COMMENTS = YES;
				CLANG_WARN_EMPTY_BODY = YES;
				CLANG_WARN_ENUM_CONVERSION = YES;
				CLANG_WARN_INFINITE_RECURSION = YES;
				CLANG_WARN_INT_CONVERSION = YES;
				CLANG_WARN_NON_LITERAL_NULL_CONVERSION = YES;
				CLANG_WARN_OBJC_IMPLICIT_RETAIN_SELF = YES;
				CLANG_WARN_OBJC_LITERAL_CONVERSION = YES;
				CLANG_WARN_OBJC_ROOT_CLASS = YES_ERROR;
				CLANG_WARN_QUOTED_INCLUDE_IN_FRAMEWORK_HEADER = YES;
				CLANG_WARN_RANGE_LOOP_ANALYSIS = YES;
				CLANG_WARN_STRICT_PROTOTYPES = YES;
				CLANG_WARN_SUSPICIOUS_MOVE = YES;
				CLANG_WARN_UNGUARDED_AVAILABILITY = YES_AGGRESSIVE;
				CLANG_WARN_UNREACHABLE_CODE = YES;
				CLANG_WARN__DUPLICATE_METHOD_MATCH = YES;
				COPY_PHASE_STRIP = NO;
				DEBUG_INFORMATION_FORMAT = dwarf;
				ENABLE_STRICT_OBJC_MSGSEND = YES;
				ENABLE_TESTABILITY = YES;
				GCC_C_LANGUAGE_STANDARD = gnu11;
				GCC_DYNAMIC_NO_PIC = NO;
				GCC_NO_COMMON_BLOCKS = YES;
				GCC_OPTIMIZATION_LEVEL = 0;
				GCC_PREPROCESSOR_DEFINITIONS = (
					"DEBUG=1",
					"$(inherited)",
				);
				GCC_WARN_64_TO_32_BIT_CONVERSION = YES;
				GCC_WARN_ABOUT_RETURN_TYPE = YES_ERROR;
				GCC_WARN_UNDECLARED_SELECTOR = YES;
				GCC_WARN_UNINITIALIZED_AUTOS = YES_AGGRESSIVE;
				GCC_WARN_UNUSED_FUNCTION = YES;
				GCC_WARN_UNUSED_VARIABLE = YES;
				HEADER_SEARCH_PATHS = "\"$(SRCROOT)/../../vendor/SDL/include\"";
				IPHONEOS_DEPLOYMENT_TARGET = 10.0;
				MTL_ENABLE_DEBUG_INFO = INCLUDE_SOURCE;
				MTL_FAST_MATH = YES;
				ONLY_ACTIVE_ARCH = YES;
				SDKROOT = iphoneos;
			};
			name = Debug;
		};
		EE4ABD772B5876650046B676 /* Release */ = {
			isa = XCBuildConfiguration;
			buildSettings = {
				ALWAYS_SEARCH_USER_PATHS = NO;
				CLANG_ANALYZER_NONNULL = YES;
				CLANG_ANALYZER_NUMBER_OBJECT_CONVERSION = YES_AGGRESSIVE;
				CLANG_CXX_LANGUAGE_STANDARD = "gnu++17";
				CLANG_ENABLE_MODULES = YES;
				CLANG_ENABLE_OBJC_ARC = YES;
				CLANG_ENABLE_OBJC_WEAK = YES;
				CLANG_WARN_BLOCK_CAPTURE_AUTORELEASING = YES;
				CLANG_WARN_BOOL_CONVERSION = YES;
				CLANG_WARN_COMMA = YES;
				CLANG_WARN_CONSTANT_CONVERSION = YES;
				CLANG_WARN_DEPRECATED_OBJC_IMPLEMENTATIONS = YES;
				CLANG_WARN_DIRECT_OBJC_ISA_USAGE = YES_ERROR;
				CLANG_WARN_DOCUMENTATION_COMMENTS = YES;
				CLANG_WARN_EMPTY_BODY = YES;
				CLANG_WARN_ENUM_CONVERSION = YES;
				CLANG_WARN_INFINITE_RECURSION = YES;
				CLANG_WARN_INT_CONVERSION = YES;
				CLANG_WARN_NON_LITERAL_NULL_CONVERSION = YES;
				CLANG_WARN_OBJC_IMPLICIT_RETAIN_SELF = YES;
				CLANG_WARN_OBJC_LITERAL_CONVERSION = YES;
				CLANG_WARN_OBJC_ROOT_CLASS = YES_ERROR;
				CLANG_WARN_QUOTED_INCLUDE_IN_FRAMEWORK_HEADER = YES;
				CLANG_WARN_RANGE_LOOP_ANALYSIS = YES;
				CLANG_WARN_STRICT_PROTOTYPES = YES;
				CLANG_WARN_SUSPICIOUS_MOVE = YES;
				CLANG_WARN_UNGUARDED_AVAILABILITY = YES_AGGRESSIVE;
				CLANG_WARN_UNREACHABLE_CODE = YES;
				CLANG_WARN__DUPLICATE_METHOD_MATCH = YES;
				COPY_PHASE_STRIP = NO;
				DEBUG_INFORMATION_FORMAT = "dwarf-with-dsym";
				ENABLE_NS_ASSERTIONS = NO;
				ENABLE_STRICT_OBJC_MSGSEND = YES;
				GCC_C_LANGUAGE_STANDARD = gnu11;
				GCC_NO_COMMON_BLOCKS = YES;
				GCC_WARN_64_TO_32_BIT_CONVERSION = YES;
				GCC_WARN_ABOUT_RETURN_TYPE = YES_ERROR;
				GCC_WARN_UNDECLARED_SELECTOR = YES;
				GCC_WARN_UNINITIALIZED_AUTOS = YES_AGGRESSIVE;
				GCC_WARN_UNUSED_FUNCTION = YES;
				GCC_WARN_UNUSED_VARIABLE = YES;
				HEADER_SEARCH_PATHS = "\"$(SRCROOT)/../../vendor/SDL/include\"";
				IPHONEOS_DEPLOYMENT_TARGET = 10.0;
				MTL_ENABLE_DEBUG_INFO = NO;
				MTL_FAST_MATH = YES;
				SDKROOT = iphoneos;
				VALIDATE_PRODUCT = YES;
			};
			name = Release;
		};
		EE4ABD792B5876650046B676 /* Debug */ = {
			isa = XCBuildConfiguration;
			buildSettings = {
				ARCHS = arm64;
				ASSETCATALOG_COMPILER_APPICON_NAME = AppIcon;
				ASSETCATALOG_COMPILER_GLOBAL_ACCENT_COLOR_NAME = AccentColor;
				CODE_SIGN_STYLE = Automatic;
				CURRENT_PROJECT_VERSION = 1;
				DEVELOPMENT_TEAM = 7L57XJNDRA;
				GENERATE_INFOPLIST_FILE = YES;
				INFOPLIST_FILE = touchHLE/Info.plist;
				INFOPLIST_KEY_UIApplicationSupportsIndirectInputEvents = YES;
				INFOPLIST_KEY_UILaunchStoryboardName = LaunchScreen;
				INFOPLIST_KEY_UIRequiredDeviceCapabilities = metal;
				INFOPLIST_KEY_UIStatusBarHidden = YES;
				INFOPLIST_KEY_UISupportedInterfaceOrientations_iPad = "UIInterfaceOrientationPortrait UIInterfaceOrientationPortraitUpsideDown UIInterfaceOrientationLandscapeLeft UIInterfaceOrientationLandscapeRight";
				INFOPLIST_KEY_UISupportedInterfaceOrientations_iPhone = "UIInterfaceOrientationPortrait UIInterfaceOrientationLandscapeLeft UIInterfaceOrientationLandscapeRight";
				LD_RUNPATH_SEARCH_PATHS = (
					"$(inherited)",
					"@executable_path/Frameworks",
				);
				LIBRARY_SEARCH_PATHS = "\"$(SRCROOT)/../../target/aarch64-apple-ios/debug\"";
				MARKETING_VERSION = 1.0;
				PRODUCT_BUNDLE_IDENTIFIER = com.ciciplusplus.touchHLE;
				PRODUCT_NAME = "$(TARGET_NAME)";
				SWIFT_EMIT_LOC_STRINGS = YES;
				TARGETED_DEVICE_FAMILY = "1,2";
			};
			name = Debug;
		};
		EE4ABD7A2B5876650046B676 /* Release */ = {
			isa = XCBuildConfiguration;
			buildSettings = {
				ARCHS = arm64;
				ASSETCATALOG_COMPILER_APPICON_NAME = AppIcon;
				ASSETCATALOG_COMPILER_GLOBAL_ACCENT_COLOR_NAME = AccentColor;
				CODE_SIGN_STYLE = Automatic;
				CURRENT_PROJECT_VERSION = 1;
				DEVELOPMENT_TEAM = 7L57XJNDRA;
				GENERATE_INFOPLIST_FILE = YES;
				INFOPLIST_FILE = touchHLE/Info.plist;
				INFOPLIST_KEY_UIApplicationSupportsIndirectInputEvents = YES;
				INFOPLIST_KEY_UILaunchStoryboardName = LaunchScreen;
				INFOPLIST_KEY_UIRequiredDeviceCapabilities = metal;
				INFOPLIST_KEY_UIStatusBarHidden = YES;
				INFOPLIST_KEY_UISupportedInterfaceOrientations_iPad = "UIInterfaceOrientationPortrait UIInterfaceOrientationPortraitUpsideDown UIInterfaceOrientationLandscapeLeft UIInterfaceOrientationLandscapeRight";
				INFOPLIST_KEY_UISupportedInterfaceOrientations_iPhone = "UIInterfaceOrientationPortrait UIInterfaceOrientationLandscapeLeft UIInterfaceOrientationLandscapeRight";
				LD_RUNPATH_SEARCH_PATHS = (
					"$(inherited)",
					"@executable_path/Frameworks",
				);
				LIBRARY_SEARCH_PATHS = "\"$(SRCROOT)/../../target/aarch64-apple-ios/debug\"";
				MARKETING_VERSION = 1.0;
				PRODUCT_BUNDLE_IDENTIFIER = com.ciciplusplus.touchHLE;
				PRODUCT_NAME = "$(TARGET_NAME)";
				SWIFT_EMIT_LOC_STRINGS = YES;
				TARGETED_DEVICE_FAMILY = "1,2";
			};
			name = Release;
		};
/* End XCBuildConfiguration section */

/* Begin XCConfigurationList section */
		EE4ABD582B5876620046B676 /* Build configuration list for PBXProject "touchHLE" */ = {
			isa = XCConfigurationList;
			buildConfigurations = (
				EE4ABD762B5876650046B676 /* Debug */,
				EE4ABD772B5876650046B676 /* Release */,
			);
			defaultConfigurationIsVisible = 0;
			defaultConfigurationName = Release;
		};
		EE4ABD782B5876650046B676 /* Build configuration list for PBXNativeTarget "touchHLE" */ = {
			isa = XCConfigurationList;
			buildConfigurations = (
				EE4ABD792B5876650046B676 /* Debug */,
				EE4ABD7A2B5876650046B676 /* Release */,
			);
			defaultConfigurationIsVisible = 0;
			defaultConfigurationName = Release;
		};
/* End XCConfigurationList section */
	};
	rootObject = EE4ABD552B5876620046B676 /* Project object */;
}
